// !$*UTF8*$!
{
	archiveVersion = 1;
	classes = {
	};
	objectVersion = 46;
	objects = {

/* Begin PBXBuildFile section */
		2C43C033BA59AFE0174608D0 /* chart_speed@2x.png in Resources */ = {isa = PBXBuildFile; fileRef = 2C43C537024AD7A1FDD84CEC /* chart_speed@2x.png */; };
		2C43C255B7772A501C9DD226 /* AppDelegate.m in Sources */ = {isa = PBXBuildFile; fileRef = 2C43C3EB9AFB2468E2C82051 /* AppDelegate.m */; };
		2C43C304CA5771536E1EBFE0 /* BTFLineChartView.m in Sources */ = {isa = PBXBuildFile; fileRef = 2C43C24DFF4FE18AC6686DE8 /* BTFLineChartView.m */; };
		2C43C5DDE5A390611E050901 /* LaunchScreen.xib in Resources */ = {isa = PBXBuildFile; fileRef = 2C43C41D00B812ABE5FBF665 /* LaunchScreen.xib */; };
		2C43C64551DBE53653B24D06 /* Main.storyboard in Resources */ = {isa = PBXBuildFile; fileRef = 2C43C2BFCF0C5A95598281DD /* Main.storyboard */; };
		2C43C6835E0468D59D481D87 /* BTFLineChartViewModel.m in Sources */ = {isa = PBXBuildFile; fileRef = 2C43CE8B49DFA766E76EA270 /* BTFLineChartViewModel.m */; };
		2C43C98A28CC0A023DEA6B15 /* chart_speed@3x.png in Resources */ = {isa = PBXBuildFile; fileRef = 2C43C54F3E7DE21C92A306E5 /* chart_speed@3x.png */; };
		2C43C9D262F1FF3494EAE3C9 /* BTFLineChartView.xcdatamodeld in Sources */ = {isa = PBXBuildFile; fileRef = 2C43CFABC8403DC924A94988 /* BTFLineChartView.xcdatamodeld */; };
		2C43CC87CF5090729D9A922F /* main.m in Sources */ = {isa = PBXBuildFile; fileRef = 2C43C42AFE9A3EA24B0226CF /* main.m */; };
		2C43CCE158AA6A175CB0631B /* Images.xcassets in Resources */ = {isa = PBXBuildFile; fileRef = 2C43C3B260333294030175CC /* Images.xcassets */; };
		2C43CFDBF68ACDFB06DAC1E9 /* BTFLineChartViewController.m in Sources */ = {isa = PBXBuildFile; fileRef = 2C43C1C8CBFEDD5DED45C079 /* BTFLineChartViewController.m */; };
		E5CADC151BB3FA3C00BA85FF /* BTFLineChartScrollView.m in Sources */ = {isa = PBXBuildFile; fileRef = E5CADC141BB3FA3C00BA85FF /* BTFLineChartScrollView.m */; settings = {ASSET_TAGS = (); }; };
		E5CADC1C1BB512BF00BA85FF /* chart_altitude@3x.png in Resources */ = {isa = PBXBuildFile; fileRef = E5CADC161BB512BF00BA85FF /* chart_altitude@3x.png */; settings = {ASSET_TAGS = (); }; };
		E5CADC1D1BB512BF00BA85FF /* chart_heartrate@2x.png in Resources */ = {isa = PBXBuildFile; fileRef = E5CADC171BB512BF00BA85FF /* chart_heartrate@2x.png */; settings = {ASSET_TAGS = (); }; };
		E5CADC1E1BB512BF00BA85FF /* chart_cadence@2x.png in Resources */ = {isa = PBXBuildFile; fileRef = E5CADC181BB512BF00BA85FF /* chart_cadence@2x.png */; settings = {ASSET_TAGS = (); }; };
		E5CADC1F1BB512BF00BA85FF /* chart_heartrate@3x.png in Resources */ = {isa = PBXBuildFile; fileRef = E5CADC191BB512BF00BA85FF /* chart_heartrate@3x.png */; settings = {ASSET_TAGS = (); }; };
		E5CADC201BB512BF00BA85FF /* chart_cadence@3x.png in Resources */ = {isa = PBXBuildFile; fileRef = E5CADC1A1BB512BF00BA85FF /* chart_cadence@3x.png */; settings = {ASSET_TAGS = (); }; };
		E5CADC211BB512BF00BA85FF /* chart_altitude@2x.png in Resources */ = {isa = PBXBuildFile; fileRef = E5CADC1B1BB512BF00BA85FF /* chart_altitude@2x.png */; settings = {ASSET_TAGS = (); }; };
/* End PBXBuildFile section */

/* Begin PBXContainerItemProxy section */
		2C43C5CD7590B17E88B3EF7C /* PBXContainerItemProxy */ = {
			isa = PBXContainerItemProxy;
			containerPortal = 2C43C401A75BE4AB8BDFA082 /* Project object */;
			proxyType = 1;
			remoteGlobalIDString = 2C43C425E5B67C504BF8120A;
			remoteInfo = BTFLayerView;
		};
/* End PBXContainerItemProxy section */

/* Begin PBXFileReference section */
		2C43C1691F6D0D79994BD4DD /* Base */ = {isa = PBXFileReference; lastKnownFileType = file.xib; name = Base; path = Base.lproj/LaunchScreen.xib; sourceTree = "<group>"; };
		2C43C1C8CBFEDD5DED45C079 /* BTFLineChartViewController.m */ = {isa = PBXFileReference; lastKnownFileType = sourcecode.c.objc; path = BTFLineChartViewController.m; sourceTree = "<group>"; };
		2C43C24DFF4FE18AC6686DE8 /* BTFLineChartView.m */ = {isa = PBXFileReference; fileEncoding = 4; lastKnownFileType = sourcecode.c.objc; path = BTFLineChartView.m; sourceTree = "<group>"; };
		2C43C373F354D4E0B5CC1211 /* BTFLineChartViewModel.h */ = {isa = PBXFileReference; fileEncoding = 4; lastKnownFileType = sourcecode.c.h; path = BTFLineChartViewModel.h; sourceTree = "<group>"; };
		2C43C3B260333294030175CC /* Images.xcassets */ = {isa = PBXFileReference; lastKnownFileType = folder.assetcatalog; path = Images.xcassets; sourceTree = "<group>"; };
		2C43C3EB9AFB2468E2C82051 /* AppDelegate.m */ = {isa = PBXFileReference; lastKnownFileType = sourcecode.c.objc; path = AppDelegate.m; sourceTree = "<group>"; };
		2C43C42AFE9A3EA24B0226CF /* main.m */ = {isa = PBXFileReference; lastKnownFileType = sourcecode.c.objc; path = main.m; sourceTree = "<group>"; };
		2C43C50D5B47C67F14E90C6F /* Prefix.pch */ = {isa = PBXFileReference; fileEncoding = 4; lastKnownFileType = sourcecode.c.h; path = Prefix.pch; sourceTree = "<group>"; };
		2C43C537024AD7A1FDD84CEC /* chart_speed@2x.png */ = {isa = PBXFileReference; lastKnownFileType = image.png; path = "chart_speed@2x.png"; sourceTree = "<group>"; };
		2C43C54F3E7DE21C92A306E5 /* chart_speed@3x.png */ = {isa = PBXFileReference; lastKnownFileType = image.png; path = "chart_speed@3x.png"; sourceTree = "<group>"; };
		2C43C64E354E29A798E444A4 /* AppDelegate.h */ = {isa = PBXFileReference; lastKnownFileType = sourcecode.c.h; path = AppDelegate.h; sourceTree = "<group>"; };
		2C43C736F0969726A2CEF6A8 /* BTFLineChartView.h */ = {isa = PBXFileReference; fileEncoding = 4; lastKnownFileType = sourcecode.c.h; path = BTFLineChartView.h; sourceTree = "<group>"; };
		2C43CA67D4C56C6B88A38A28 /* BTFLineChartViewController.h */ = {isa = PBXFileReference; lastKnownFileType = sourcecode.c.h; path = BTFLineChartViewController.h; sourceTree = "<group>"; };
		2C43CAC2063BA85494052FE0 /* Base */ = {isa = PBXFileReference; lastKnownFileType = file.storyboard; name = Base; path = Base.lproj/Main.storyboard; sourceTree = "<group>"; };
		2C43CB20A04EE70F02314526 /* BTFLineChartView.app */ = {isa = PBXFileReference; explicitFileType = wrapper.application; includeInIndex = 0; path = BTFLineChartView.app; sourceTree = BUILT_PRODUCTS_DIR; };
		2C43CD1A32F126AE0C86E2A6 /* BTFLineChartView.xctest */ = {isa = PBXFileReference; explicitFileType = wrapper.cfbundle; includeInIndex = 0; path = BTFLineChartView.xctest; sourceTree = BUILT_PRODUCTS_DIR; };
		2C43CE8B49DFA766E76EA270 /* BTFLineChartViewModel.m */ = {isa = PBXFileReference; fileEncoding = 4; lastKnownFileType = sourcecode.c.objc; path = BTFLineChartViewModel.m; sourceTree = "<group>"; };
		2C43CF77EE3205DCB3D52E17 /* Info.plist */ = {isa = PBXFileReference; lastKnownFileType = text.plist.info; path = Info.plist; sourceTree = "<group>"; };
		2C43CFEBBAADEFB3D2E77C77 /* BTFLineChartView.xcdatamodel */ = {isa = PBXFileReference; lastKnownFileType = wrapper.xcdatamodel; path = BTFLineChartView.xcdatamodel; sourceTree = "<group>"; };
		E5CADC0C1BB2B76100BA85FF /* BTFRange.h */ = {isa = PBXFileReference; lastKnownFileType = sourcecode.c.h; path = BTFRange.h; sourceTree = "<group>"; };
		E5CADC121BB3EE0D00BA85FF /* BTFLineChartTypes.h */ = {isa = PBXFileReference; lastKnownFileType = sourcecode.c.h; path = BTFLineChartTypes.h; sourceTree = "<group>"; };
		E5CADC131BB3FA0900BA85FF /* BTFLineChartScrollView.h */ = {isa = PBXFileReference; lastKnownFileType = sourcecode.c.h; path = BTFLineChartScrollView.h; sourceTree = "<group>"; };
		E5CADC141BB3FA3C00BA85FF /* BTFLineChartScrollView.m */ = {isa = PBXFileReference; fileEncoding = 4; lastKnownFileType = sourcecode.c.objc; path = BTFLineChartScrollView.m; sourceTree = "<group>"; };
		E5CADC161BB512BF00BA85FF /* chart_altitude@3x.png */ = {isa = PBXFileReference; lastKnownFileType = image.png; path = "chart_altitude@3x.png"; sourceTree = "<group>"; };
		E5CADC171BB512BF00BA85FF /* chart_heartrate@2x.png */ = {isa = PBXFileReference; lastKnownFileType = image.png; path = "chart_heartrate@2x.png"; sourceTree = "<group>"; };
		E5CADC181BB512BF00BA85FF /* chart_cadence@2x.png */ = {isa = PBXFileReference; lastKnownFileType = image.png; path = "chart_cadence@2x.png"; sourceTree = "<group>"; };
		E5CADC191BB512BF00BA85FF /* chart_heartrate@3x.png */ = {isa = PBXFileReference; lastKnownFileType = image.png; path = "chart_heartrate@3x.png"; sourceTree = "<group>"; };
		E5CADC1A1BB512BF00BA85FF /* chart_cadence@3x.png */ = {isa = PBXFileReference; lastKnownFileType = image.png; path = "chart_cadence@3x.png"; sourceTree = "<group>"; };
		E5CADC1B1BB512BF00BA85FF /* chart_altitude@2x.png */ = {isa = PBXFileReference; lastKnownFileType = image.png; path = "chart_altitude@2x.png"; sourceTree = "<group>"; };
/* End PBXFileReference section */

/* Begin PBXFrameworksBuildPhase section */
		2C43C1C45D18C47BEB038501 /* Frameworks */ = {
			isa = PBXFrameworksBuildPhase;
			buildActionMask = 2147483647;
			files = (
			);
			runOnlyForDeploymentPostprocessing = 0;
		};
		2C43C24CB16B2D6DD69DE91A /* Frameworks */ = {
			isa = PBXFrameworksBuildPhase;
			buildActionMask = 2147483647;
			files = (
			);
			runOnlyForDeploymentPostprocessing = 0;
		};
/* End PBXFrameworksBuildPhase section */

/* Begin PBXGroup section */
		2C43C38804D7AF0B8AB0E6BB /* Models */ = {
			isa = PBXGroup;
			children = (
				2C43C373F354D4E0B5CC1211 /* BTFLineChartViewModel.h */,
				2C43CE8B49DFA766E76EA270 /* BTFLineChartViewModel.m */,
			);
			name = Models;
			sourceTree = "<group>";
		};
		2C43C61816640FC4D37990B7 /* Views */ = {
			isa = PBXGroup;
			children = (
				E5CADC121BB3EE0D00BA85FF /* BTFLineChartTypes.h */,
				E5CADC131BB3FA0900BA85FF /* BTFLineChartScrollView.h */,
				E5CADC141BB3FA3C00BA85FF /* BTFLineChartScrollView.m */,
				2C43C736F0969726A2CEF6A8 /* BTFLineChartView.h */,
				2C43C24DFF4FE18AC6686DE8 /* BTFLineChartView.m */,
			);
			name = Views;
			sourceTree = "<group>";
		};
		2C43C9E077AE8551C951994A /* Images */ = {
			isa = PBXGroup;
			children = (
				E5CADC171BB512BF00BA85FF /* chart_heartrate@2x.png */,
				E5CADC191BB512BF00BA85FF /* chart_heartrate@3x.png */,
				2C43C537024AD7A1FDD84CEC /* chart_speed@2x.png */,
				2C43C54F3E7DE21C92A306E5 /* chart_speed@3x.png */,
				E5CADC181BB512BF00BA85FF /* chart_cadence@2x.png */,
				E5CADC1A1BB512BF00BA85FF /* chart_cadence@3x.png */,
				E5CADC1B1BB512BF00BA85FF /* chart_altitude@2x.png */,
				E5CADC161BB512BF00BA85FF /* chart_altitude@3x.png */,
			);
			name = Images;
			sourceTree = "<group>";
		};
		2C43CCC99745129DCC305BC6 /* BTFLineChartView */ = {
			isa = PBXGroup;
			children = (
				2C43CDF29D4C4DF9D69EACB2 /* Supporting Files */,
				2C43C3B260333294030175CC /* Images.xcassets */,
				2C43C41D00B812ABE5FBF665 /* LaunchScreen.xib */,
				2C43C64E354E29A798E444A4 /* AppDelegate.h */,
				2C43C3EB9AFB2468E2C82051 /* AppDelegate.m */,
				2C43CFABC8403DC924A94988 /* BTFLineChartView.xcdatamodeld */,
				2C43C2BFCF0C5A95598281DD /* Main.storyboard */,
				E5CADC0C1BB2B76100BA85FF /* BTFRange.h */,
				2C43CA67D4C56C6B88A38A28 /* BTFLineChartViewController.h */,
				2C43C1C8CBFEDD5DED45C079 /* BTFLineChartViewController.m */,
				2C43C61816640FC4D37990B7 /* Views */,
				2C43C38804D7AF0B8AB0E6BB /* Models */,
				2C43C9E077AE8551C951994A /* Images */,
			);
			name = BTFLineChartView;
			path = BTFLayerView;
			sourceTree = "<group>";
		};
		2C43CDF29D4C4DF9D69EACB2 /* Supporting Files */ = {
			isa = PBXGroup;
			children = (
				2C43CF77EE3205DCB3D52E17 /* Info.plist */,
				2C43C42AFE9A3EA24B0226CF /* main.m */,
				2C43C50D5B47C67F14E90C6F /* Prefix.pch */,
			);
			name = "Supporting Files";
			sourceTree = "<group>";
		};
		2C43CE2681A9936825C73D23 = {
			isa = PBXGroup;
			children = (
				2C43CFB21C448E691ED9B8FD /* Products */,
				2C43CCC99745129DCC305BC6 /* BTFLineChartView */,
			);
			sourceTree = "<group>";
		};
		2C43CFB21C448E691ED9B8FD /* Products */ = {
			isa = PBXGroup;
			children = (
				2C43CB20A04EE70F02314526 /* BTFLineChartView.app */,
				2C43CD1A32F126AE0C86E2A6 /* BTFLineChartView.xctest */,
			);
			name = Products;
			sourceTree = "<group>";
		};
/* End PBXGroup section */

/* Begin PBXNativeTarget section */
		2C43C425E5B67C504BF8120A /* BTFLineChartView */ = {
			isa = PBXNativeTarget;
			buildConfigurationList = 2C43C072D35E799721CC0AA0 /* Build configuration list for PBXNativeTarget "BTFLineChartView" */;
			buildPhases = (
				2C43C9AA1D0B6931D36371F3 /* Sources */,
				2C43C24CB16B2D6DD69DE91A /* Frameworks */,
				2C43C8F4EE65421C08025441 /* Resources */,
			);
			buildRules = (
			);
			dependencies = (
			);
			name = BTFLineChartView;
			productName = BTFLayerView;
			productReference = 2C43CB20A04EE70F02314526 /* BTFLineChartView.app */;
			productType = "com.apple.product-type.application";
		};
		2C43C4E3635F4A2DEC54124F /* BTFLineChartViewTests */ = {
			isa = PBXNativeTarget;
			buildConfigurationList = 2C43C38256F8C7599D7E813F /* Build configuration list for PBXNativeTarget "BTFLineChartViewTests" */;
			buildPhases = (
				2C43CB832C9C0AA6A03D6B94 /* Sources */,
				2C43C1C45D18C47BEB038501 /* Frameworks */,
				2C43C64E51A9B732D447F32D /* Resources */,
			);
			buildRules = (
			);
			dependencies = (
				2C43C041D8E3221B55E2B4C9 /* PBXTargetDependency */,
			);
			name = BTFLineChartViewTests;
			productName = BTFLayerViewTests;
			productReference = 2C43CD1A32F126AE0C86E2A6 /* BTFLineChartView.xctest */;
			productType = "com.apple.product-type.bundle.unit-test";
		};
/* End PBXNativeTarget section */

/* Begin PBXProject section */
		2C43C401A75BE4AB8BDFA082 /* Project object */ = {
			isa = PBXProject;
			attributes = {
				ORGANIZATIONNAME = jianyan;
			};
			buildConfigurationList = 2C43C478B0E11ABFB4D19630 /* Build configuration list for PBXProject "BTFLineChartView" */;
			compatibilityVersion = "Xcode 3.2";
			developmentRegion = English;
			hasScannedForEncodings = 0;
			knownRegions = (
				en,
			);
			mainGroup = 2C43CE2681A9936825C73D23;
			productRefGroup = 2C43CFB21C448E691ED9B8FD /* Products */;
			projectDirPath = "";
			projectRoot = "";
			targets = (
				2C43C425E5B67C504BF8120A /* BTFLineChartView */,
				2C43C4E3635F4A2DEC54124F /* BTFLineChartViewTests */,
			);
		};
/* End PBXProject section */

/* Begin PBXResourcesBuildPhase section */
		2C43C64E51A9B732D447F32D /* Resources */ = {
			isa = PBXResourcesBuildPhase;
			buildActionMask = 2147483647;
			files = (
			);
			runOnlyForDeploymentPostprocessing = 0;
		};
		2C43C8F4EE65421C08025441 /* Resources */ = {
			isa = PBXResourcesBuildPhase;
			buildActionMask = 2147483647;
			files = (
				2C43CCE158AA6A175CB0631B /* Images.xcassets in Resources */,
				2C43C5DDE5A390611E050901 /* LaunchScreen.xib in Resources */,
				2C43C64551DBE53653B24D06 /* Main.storyboard in Resources */,
				2C43C033BA59AFE0174608D0 /* chart_speed@2x.png in Resources */,
				E5CADC211BB512BF00BA85FF /* chart_altitude@2x.png in Resources */,
				E5CADC201BB512BF00BA85FF /* chart_cadence@3x.png in Resources */,
				E5CADC1C1BB512BF00BA85FF /* chart_altitude@3x.png in Resources */,
				E5CADC1E1BB512BF00BA85FF /* chart_cadence@2x.png in Resources */,
				E5CADC1D1BB512BF00BA85FF /* chart_heartrate@2x.png in Resources */,
				2C43C98A28CC0A023DEA6B15 /* chart_speed@3x.png in Resources */,
				E5CADC1F1BB512BF00BA85FF /* chart_heartrate@3x.png in Resources */,
			);
			runOnlyForDeploymentPostprocessing = 0;
		};
/* End PBXResourcesBuildPhase section */

/* Begin PBXSourcesBuildPhase section */
		2C43C9AA1D0B6931D36371F3 /* Sources */ = {
			isa = PBXSourcesBuildPhase;
			buildActionMask = 2147483647;
			files = (
				2C43CC87CF5090729D9A922F /* main.m in Sources */,
				2C43C255B7772A501C9DD226 /* AppDelegate.m in Sources */,
				E5CADC151BB3FA3C00BA85FF /* BTFLineChartScrollView.m in Sources */,
				2C43C9D262F1FF3494EAE3C9 /* BTFLineChartView.xcdatamodeld in Sources */,
				2C43CFDBF68ACDFB06DAC1E9 /* BTFLineChartViewController.m in Sources */,
				2C43C6835E0468D59D481D87 /* BTFLineChartViewModel.m in Sources */,
				2C43C304CA5771536E1EBFE0 /* BTFLineChartView.m in Sources */,
			);
			runOnlyForDeploymentPostprocessing = 0;
		};
		2C43CB832C9C0AA6A03D6B94 /* Sources */ = {
			isa = PBXSourcesBuildPhase;
			buildActionMask = 2147483647;
			files = (
			);
			runOnlyForDeploymentPostprocessing = 0;
		};
/* End PBXSourcesBuildPhase section */

/* Begin PBXTargetDependency section */
		2C43C041D8E3221B55E2B4C9 /* PBXTargetDependency */ = {
			isa = PBXTargetDependency;
			target = 2C43C425E5B67C504BF8120A /* BTFLineChartView */;
			targetProxy = 2C43C5CD7590B17E88B3EF7C /* PBXContainerItemProxy */;
		};
/* End PBXTargetDependency section */

/* Begin PBXVariantGroup section */
		2C43C2BFCF0C5A95598281DD /* Main.storyboard */ = {
			isa = PBXVariantGroup;
			children = (
				2C43CAC2063BA85494052FE0 /* Base */,
			);
			name = Main.storyboard;
			sourceTree = "<group>";
		};
		2C43C41D00B812ABE5FBF665 /* LaunchScreen.xib */ = {
			isa = PBXVariantGroup;
			children = (
				2C43C1691F6D0D79994BD4DD /* Base */,
			);
			name = LaunchScreen.xib;
			sourceTree = "<group>";
		};
/* End PBXVariantGroup section */

/* Begin XCBuildConfiguration section */
		2C43C4378C910DEC5BC8ABCB /* Debug */ = {
			isa = XCBuildConfiguration;
			buildSettings = {
				ASSETCATALOG_COMPILER_APPICON_NAME = AppIcon;
				INFOPLIST_FILE = BTFLayerView/Info.plist;
				LD_RUNPATH_SEARCH_PATHS = "$(inherited) @executable_path/Frameworks";
				PRODUCT_NAME = BTFLineChartView;
			};
			name = Debug;
		};
		2C43C4B4590CCAC37B3319F4 /* Release */ = {
			isa = XCBuildConfiguration;
			buildSettings = {
				ALWAYS_SEARCH_USER_PATHS = NO;
				CLANG_CXX_LANGUAGE_STANDARD = "gnu++0x";
				CLANG_CXX_LIBRARY = "libc++";
				CLANG_ENABLE_MODULES = YES;
				CLANG_ENABLE_OBJC_ARC = YES;
				CLANG_WARN_BOOL_CONVERSION = YES;
				CLANG_WARN_CONSTANT_CONVERSION = YES;
				CLANG_WARN_DIRECT_OBJC_ISA_USAGE = YES_ERROR;
				CLANG_WARN_EMPTY_BODY = YES;
				CLANG_WARN_ENUM_CONVERSION = YES;
				CLANG_WARN_INT_CONVERSION = YES;
				CLANG_WARN_OBJC_ROOT_CLASS = YES_ERROR;
				CLANG_WARN_UNREACHABLE_CODE = YES;
				CLANG_WARN__DUPLICATE_METHOD_MATCH = YES;
				"CODE_SIGN_IDENTITY[sdk=iphoneos*]" = "iPhone Developer";
				COPY_PHASE_STRIP = NO;
				DEBUG_INFORMATION_FORMAT = "dwarf-with-dsym";
				ENABLE_NS_ASSERTIONS = NO;
				ENABLE_STRICT_OBJC_MSGSEND = YES;
				GCC_C_LANGUAGE_STANDARD = gnu99;
				GCC_NO_COMMON_BLOCKS = YES;
				GCC_WARN_64_TO_32_BIT_CONVERSION = YES;
				GCC_WARN_ABOUT_RETURN_TYPE = YES_ERROR;
				GCC_WARN_UNDECLARED_SELECTOR = YES;
				GCC_WARN_UNINITIALIZED_AUTOS = YES_AGGRESSIVE;
				GCC_WARN_UNUSED_FUNCTION = YES;
				GCC_WARN_UNUSED_VARIABLE = YES;
				IPHONEOS_DEPLOYMENT_TARGET = 8.3;
				MTL_ENABLE_DEBUG_INFO = NO;
				SDKROOT = iphoneos;
				VALIDATE_PRODUCT = YES;
			};
			name = Release;
		};
		2C43C4B7F111BBFB591F6FFC /* Debug */ = {
			isa = XCBuildConfiguration;
			buildSettings = {
				BUNDLE_LOADER = "$(BUILT_PRODUCTS_DIR)/BTFLayerView.app/BTFLayerView";
				FRAMEWORK_SEARCH_PATHS = (
					"$(SDKROOT)/Developer/Library/Frameworks",
					"$(inherited)",
				);
				INFOPLIST_FILE = BTFLayerViewTests/Info.plist;
				LD_RUNPATH_SEARCH_PATHS = "$(inherited) @executable_path/Frameworks @loader_path/Frameworks";
				PRODUCT_NAME = BTFLineChartView;
				TEST_HOST = "$(BUNDLE_LOADER)";
			};
			name = Debug;
		};
		2C43C57A25360C64E9FEC3B6 /* Release */ = {
			isa = XCBuildConfiguration;
			buildSettings = {
				BUNDLE_LOADER = "$(BUILT_PRODUCTS_DIR)/BTFLayerView.app/BTFLayerView";
				FRAMEWORK_SEARCH_PATHS = (
					"$(SDKROOT)/Developer/Library/Frameworks",
					"$(inherited)",
				);
				INFOPLIST_FILE = BTFLayerViewTests/Info.plist;
				LD_RUNPATH_SEARCH_PATHS = "$(inherited) @executable_path/Frameworks @loader_path/Frameworks";
				PRODUCT_NAME = BTFLineChartView;
				TEST_HOST = "$(BUNDLE_LOADER)";
			};
			name = Release;
		};
		2C43CA13D4D496E46517DE95 /* Release */ = {
			isa = XCBuildConfiguration;
			buildSettings = {
				ASSETCATALOG_COMPILER_APPICON_NAME = AppIcon;
				INFOPLIST_FILE = BTFLayerView/Info.plist;
				LD_RUNPATH_SEARCH_PATHS = "$(inherited) @executable_path/Frameworks";
				PRODUCT_NAME = BTFLineChartView;
			};
			name = Release;
		};
		2C43CE33AD4A52E1EA23EBF3 /* Debug */ = {
			isa = XCBuildConfiguration;
			buildSettings = {
				ALWAYS_SEARCH_USER_PATHS = NO;
				CLANG_CXX_LANGUAGE_STANDARD = "gnu++0x";
				CLANG_CXX_LIBRARY = "libc++";
				CLANG_ENABLE_MODULES = YES;
				CLANG_ENABLE_OBJC_ARC = YES;
				CLANG_WARN_BOOL_CONVERSION = YES;
				CLANG_WARN_CONSTANT_CONVERSION = YES;
				CLANG_WARN_DIRECT_OBJC_ISA_USAGE = YES_ERROR;
				CLANG_WARN_EMPTY_BODY = YES;
				CLANG_WARN_ENUM_CONVERSION = YES;
				CLANG_WARN_INT_CONVERSION = YES;
				CLANG_WARN_OBJC_ROOT_CLASS = YES_ERROR;
				CLANG_WARN_UNREACHABLE_CODE = YES;
				CLANG_WARN__DUPLICATE_METHOD_MATCH = YES;
				"CODE_SIGN_IDENTITY[sdk=iphoneos*]" = "iPhone Developer";
				COPY_PHASE_STRIP = NO;
				DEBUG_INFORMATION_FORMAT = "dwarf-with-dsym";
				ENABLE_STRICT_OBJC_MSGSEND = YES;
				GCC_C_LANGUAGE_STANDARD = gnu99;
				GCC_DYNAMIC_NO_PIC = NO;
				GCC_NO_COMMON_BLOCKS = YES;
				GCC_OPTIMIZATION_LEVEL = 0;
				GCC_PREPROCESSOR_DEFINITIONS = (
					"DEBUG=1",
					"$(inherited)",
				);
				GCC_SYMBOLS_PRIVATE_EXTERN = NO;
				GCC_WARN_64_TO_32_BIT_CONVERSION = YES;
				GCC_WARN_ABOUT_RETURN_TYPE = YES_ERROR;
				GCC_WARN_UNDECLARED_SELECTOR = YES;
				GCC_WARN_UNINITIALIZED_AUTOS = YES_AGGRESSIVE;
				GCC_WARN_UNUSED_FUNCTION = YES;
				GCC_WARN_UNUSED_VARIABLE = YES;
				IPHONEOS_DEPLOYMENT_TARGET = 8.3;
				MTL_ENABLE_DEBUG_INFO = YES;
				ONLY_ACTIVE_ARCH = YES;
				SDKROOT = iphoneos;
			};
			name = Debug;
		};
/* End XCBuildConfiguration section */

/* Begin XCConfigurationList section */
		2C43C072D35E799721CC0AA0 /* Build configuration list for PBXNativeTarget "BTFLineChartView" */ = {
			isa = XCConfigurationList;
			buildConfigurations = (
				2C43C4378C910DEC5BC8ABCB /* Debug */,
				2C43CA13D4D496E46517DE95 /* Release */,
			);
			defaultConfigurationIsVisible = 0;
			defaultConfigurationName = Release;
		};
		2C43C38256F8C7599D7E813F /* Build configuration list for PBXNativeTarget "BTFLineChartViewTests" */ = {
			isa = XCConfigurationList;
			buildConfigurations = (
				2C43C4B7F111BBFB591F6FFC /* Debug */,
				2C43C57A25360C64E9FEC3B6 /* Release */,
			);
			defaultConfigurationIsVisible = 0;
			defaultConfigurationName = Release;
		};
		2C43C478B0E11ABFB4D19630 /* Build configuration list for PBXProject "BTFLineChartView" */ = {
			isa = XCConfigurationList;
			buildConfigurations = (
				2C43CE33AD4A52E1EA23EBF3 /* Debug */,
				2C43C4B4590CCAC37B3319F4 /* Release */,
			);
			defaultConfigurationIsVisible = 0;
			defaultConfigurationName = Release;
		};
/* End XCConfigurationList section */

/* Begin XCVersionGroup section */
		2C43CFABC8403DC924A94988 /* BTFLineChartView.xcdatamodeld */ = {
			isa = XCVersionGroup;
			children = (
				2C43CFEBBAADEFB3D2E77C77 /* BTFLineChartView.xcdatamodel */,
			);
			currentVersion = 2C43CFEBBAADEFB3D2E77C77 /* BTFLineChartView.xcdatamodel */;
			path = BTFLineChartView.xcdatamodeld;
			sourceTree = "<group>";
			versionGroupType = wrapper.xcdatamodel;
		};
/* End XCVersionGroup section */
	};
	rootObject = 2C43C401A75BE4AB8BDFA082 /* Project object */;
}
